
Microsoft Visual Studio Solution File, Format Version 12.00
# Visual Studio Version 17
VisualStudioVersion = 17.14.36401.2 d17.14
MinimumVisualStudioVersion = 10.0.40219.1
Project("{FAE04EC0-301F-11D3-BF4B-00C04F79EFBC}") = "GradingSystem", "GradingSystem\GradingSystem.csproj", "{A93D0F0B-33DF-4C40-B082-58A42FCBE3FE}"
EndProject
Global
	GlobalSection(SolutionConfigurationPlatforms) = preSolution
		Debug|Any CPU = Debug|Any CPU
		Release|Any CPU = Release|Any CPU
	EndGlobalSection
	GlobalSection(ProjectConfigurationPlatforms) = postSolution
		{A93D0F0B-33DF-4C40-B082-58A42FCBE3FE}.Debug|Any CPU.ActiveCfg = Debug|Any CPU
		{A93D0F0B-33DF-4C40-B082-58A42FCBE3FE}.Debug|Any CPU.Build.0 = Debug|Any CPU
		{A93D0F0B-33DF-4C40-B082-58A42FCBE3FE}.Release|Any CPU.ActiveCfg = Release|Any CPU
		{A93D0F0B-33DF-4C40-B082-58A42FCBE3FE}.Release|Any CPU.Build.0 = Release|Any CPU
	EndGlobalSection
	GlobalSection(SolutionProperties) = preSolution
		HideSolutionNode = FALSE
	EndGlobalSection
	GlobalSection(ExtensibilityGlobals) = postSolution
		SolutionGuid = {16916A4D-797E-477F-9D34-FEA0B7859FA3}
	EndGlobalSection
EndGlobal
